
Microsoft Visual Studio Solution File, Format Version 12.00
# Visual Studio Version 17
VisualStudioVersion = 17.0.32112.339
MinimumVisualStudioVersion = 10.0.40219.1
Project("{FAE04EC0-301F-11D3-BF4B-00C04F79EFBC}") = "StarApp1", "StarApp1\StarApp1.csproj", "{4B8F2789-5796-4856-90DB-442F3F593536}"
EndProject
Global
	GlobalSection(SolutionConfigurationPlatforms) = preSolution
		Debug|Any CPU = Debug|Any CPU
		Release|Any CPU = Release|Any CPU
	EndGlobalSection
	GlobalSection(ProjectConfigurationPlatforms) = postSolution
		{4B8F2789-5796-4856-90DB-442F3F593536}.Debug|Any CPU.ActiveCfg = Debug|Any CPU
		{4B8F2789-5796-4856-90DB-442F3F593536}.Debug|Any CPU.Build.0 = Debug|Any CPU
		{4B8F2789-5796-4856-90DB-442F3F593536}.Release|Any CPU.ActiveCfg = Release|Any CPU
		{4B8F2789-5796-4856-90DB-442F3F593536}.Release|Any CPU.Build.0 = Release|Any CPU
	EndGlobalSection
	GlobalSection(SolutionProperties) = preSolution
		HideSolutionNode = FALSE
	EndGlobalSection
	GlobalSection(ExtensibilityGlobals) = postSolution
		SolutionGuid = {50A462D5-72F1-4467-B9CF-C49531BDF9A6}
	EndGlobalSection
EndGlobal
